{
  "name": "threads-pull",
  "version": "1.0.0",
  "lockfileVersion": 3,
  "requires": true,
  "packages": {
    "": {
      "name": "threads-pull",
      "version": "1.0.0",
      "license": "MIT",
      "dependencies": {
        "axios": "1.6.2",
        "cors": "2.8.5",
        "dotenv": "16.3.1",
        "express": "4.18.2",
        "express-rate-limit": "7.1.4",
        "helmet": "7.1.0",
        "morgan": "1.10.0",
        "node-cache": "5.1.2",
        "puppeteer": "21.5.2"
      },
      "devDependencies": {
        "jest": "29.7.0",
        "nodemon": "3.0.1",
        "supertest": "6.3.3"
      },
      "engines": {
        "node": ">=18.0.0"
      }
    },
    "node_modules/axios": {
      "version": "1.6.2",
      "resolved": "https://registry.npmjs.org/axios/-/axios-1.6.2.tgz",
      "integrity": "sha512-7i24Ri4pmDRfJTR7LDBhsOTtcm+9kjX5WiY1X3wIisx6G9So3pfOeD2TLZC9eVnBP4YZOtFPQWoLqB3K2/JIw==",
      "dependencies": {
        "follow-redirects": "^1.15.0",
        "form-data": "^4.0.0",
        "proxy-from-env": "^1.1.0"
      }
    },
    "node_modules/cors": {
      "version": "2.8.5",
      "resolved": "https://registry.npmjs.org/cors/-/cors-2.8.5.tgz",
      "integrity": "sha512-KIHbLJqu73RGr/hnbrO9uBeixNGuvSQjul/jdFvS/KFSIH1hWVd1ng7zOHx+YrEfInLG7q4n6GHQ9cDtxv/P6g==",
      "dependencies": {
        "object-assign": "^4",
        "vary": "^1"
      }
    },
    "node_modules/dotenv": {
      "version": "16.3.1",
      "resolved": "https://registry.npmjs.org/dotenv/-/dotenv-16.3.1.tgz",
      "integrity": "sha512-IPzF4w4/Rd94bA9imS68tZBaYyBWSCE47V1RGuMrB94iyTOIEwRmVL2x/4An+6mETpLrKJ5hQkB8W4kFAadeIQ=="
    },
    "node_modules/express": {
      "version": "4.18.2",
      "resolved": "https://registry.npmjs.org/express/-/express-4.18.2.tgz",
      "integrity": "sha512-5/PsL6iGPdfQ/lKM1UuielYgv3BUoJfz1aUwU9vHZ+J7gyvwdQXFEBIEIaxeGf0GIcreATNyBExtalisDbuMqQ==",
      "dependencies": {
        "accepts": "~1.3.8",
        "array-flatten": "1.1.1",
        "body-parser": "1.20.1",
        "content-disposition": "0.5.4",
        "content-type": "~1.0.4",
        "cookie": "0.5.0",
        "cookie-signature": "1.0.6",
        "debug": "2.6.9",
        "depd": "2.0.0",
        "encodeurl": "~1.0.2",
        "escape-html": "~1.0.3",
        "etag": "~1.8.1",
        "finalhandler": "1.2.0",
        "fresh": "0.5.2",
        "http-errors": "2.0.0",
        "merge-descriptors": "1.0.1",
        "methods": "~1.1.2",
        "on-finished": "2.4.1",
        "parseurl": "~1.3.3",
        "path-to-regexp": "0.1.7",
        "proxy-addr": "~2.0.7",
        "qs": "6.11.0",
        "range-parser": "~1.2.1",
        "safe-buffer": "5.2.1",
        "send": "0.18.0",
        "serve-static": "1.15.0",
        "setprototypeof": "1.2.0",
        "statuses": "2.0.1",
        "type-is": "~1.6.18",
        "utils-merge": "1.0.1",
        "vary": "~1.1.2"
      }
    },
    "node_modules/express-rate-limit": {
      "version": "7.1.4",
      "resolved": "https://registry.npmjs.org/express-rate-limit/-/express-rate-limit-7.1.4.tgz",
      "integrity": "sha512-hYf4Pu7JFzPpSfRPBPfSWWsnjuoLCvg/RcXzFVhJpgb5D3IVkHjgHJQDIKfy+rMRdlW/jcSYwxhGO3qsU5+2g=="
    },
    "node_modules/helmet": {
      "version": "7.1.0",
      "resolved": "https://registry.npmjs.org/helmet/-/helmet-7.1.0.tgz",
      "integrity": "sha512-g+HZqgfHrCkRMeE0xCWP5Bf0vgtCqQkTOZsqBJ4vapWzEwVIe5DkZvRoYjYwpCZj47vrrM+lJ5qZ6jWZZ7ydQ=="
    },
    "node_modules/morgan": {
      "version": "1.10.0",
      "resolved": "https://registry.npmjs.org/morgan/-/morgan-1.10.0.tgz",
      "integrity": "sha512-AbegBVI4sh6El+1gNwvD5YIck7nSA36weD7xvIxG4in80j/UoK8AEGaWnnz8v1GxonMCltmlNs5ZKbGvl9b1XQ==",
      "dependencies": {
        "basic-auth": "~2.0.1",
        "debug": "2.6.9",
        "depd": "~2.0.0",
        "on-finished": "~2.3.0",
        "on-headers": "~1.0.2"
      }
    },
    "node_modules/node-cache": {
      "version": "5.1.2",
      "resolved": "https://registry.npmjs.org/node-cache/-/node-cache-5.1.2.tgz",
      "integrity": "sha512-t1QzWwnk4sjLWaQAS8CHgOJ+RAfmHpxFWmc36IWTiWHQfs0w5JDMBS1b1ZxQteo0vVVuWJvIUKHDkkeK7vIGCg==",
      "dependencies": {
        "clone": "2.x"
      }
    },
    "node_modules/puppeteer": {
      "version": "21.5.2",
      "resolved": "https://registry.npmjs.org/puppeteer/-/puppeteer-21.5.2.tgz",
      "integrity": "sha512-JOmRmKoJLxQGGLFrM5cFJhvTMzSfYLUAXJvYnlJQIzZS9YDtBmLCPxU/2f+qkuFMzIwMFEFSD1iMy3QLtgTZUw==",
      "dependencies": {
        "@puppeteer/browsers": "1.8.0",
        "chromium-bidi": "0.4.32",
        "cross-fetch": "4.0.0",
        "debug": "4.3.4",
        "devtools-protocol": "0.0.1203626",
        "extract-zip": "2.0.1",
        "https-proxy-agent": "7.0.2",
        "proxy-agent": "6.3.1",
        "proxy-from-env": "1.1.0",
        "tar-fs": "3.0.4",
        "unbzip2-stream": "1.4.3",
        "ws": "8.14.2"
      }
    },
    "node_modules/jest": {
      "version": "29.7.0",
      "resolved": "https://registry.npmjs.org/jest/-/jest-29.7.0.tgz",
      "integrity": "sha512-NIyqWwG3ooVIEL5J/+GQJBjK+X/BFrXuYQR/fyW7+NQ+6xlgZMYXIJ9tY9/+/QoXVry7+IC4uKm3MJIRmBTvkQ==",
      "dev": true,
      "dependencies": {
        "@jest/core": "^29.7.0",
        "@jest/types": "^29.6.3",
        "import-local": "^3.1.0",
        "jest-cli": "^29.7.0"
      }
    },
    "node_modules/nodemon": {
      "version": "3.0.1",
      "resolved": "https://registry.npmjs.org/nodemon/-/nodemon-3.0.1.tgz",
      "integrity": "sha512-g9AZ7HmkhQkqXkRc20w+ZfQ73cHLbE8hnPbtaFbFtCumZsjyMhKk9LajQ07U5Ux28lvFjZ5X7HvWR1xzU8jHVw==",
      "dev": true,
      "dependencies": {
        "chokidar": "^3.5.2",
        "debug": "^3.2.7",
        "ignore-by-default": "^1.0.1",
        "minimatch": "^3.1.2",
        "pstree.remy": "^1.1.8",
        "semver": "^7.5.3",
        "simple-update-notifier": "^2.0.0",
        "supports-color": "^5.5.0",
        "touch": "^3.1.0",
        "undefsafe": "^2.0.5"
      }
    },
    "node_modules/supertest": {
      "version": "6.3.3",
      "resolved": "https://registry.npmjs.org/supertest/-/supertest-6.3.3.tgz",
      "integrity": "sha512-EMCG6G8gDu5qEqRQ3JjjPs6+FYT1a7Hv5ApHvtSghmOFJYtsU5S+pSb6Y2EUeCEY3CmEL3mmQ8YWlPOzQomabA==",
      "dev": true,
      "dependencies": {
        "methods": "^1.1.2",
        "superagent": "^8.0.5"
      }
    }
  }
}
